
Microsoft Visual Studio Solution File, Format Version 12.00
# Visual Studio 14
VisualStudioVersion = 14.0.25420.1
MinimumVisualStudioVersion = 10.0.40219.1
Project("{FAE04EC0-301F-11D3-BF4B-00C04F79EFBC}") = "HelloCDUT", "HelloCDUT\HelloCDUT.csproj", "{D54E22CB-F93B-4CF0-B9C9-2AC4CDEA9DE0}"
EndProject
Project("{FAE04EC0-301F-11D3-BF4B-00C04F79EFBC}") = "HelloCDUT.Background", "HelloCDUT.Background\HelloCDUT.Background.csproj", "{D3779F63-2D65-4B89-B6F2-19A4EA461D85}"
EndProject
Global
	GlobalSection(SolutionConfigurationPlatforms) = preSolution
		Debug|Any CPU = Debug|Any CPU
		Debug|ARM = Debug|ARM
		Debug|x64 = Debug|x64
		Debug|x86 = Debug|x86
		Release|Any CPU = Release|Any CPU
		Release|ARM = Release|ARM
		Release|x64 = Release|x64
		Release|x86 = Release|x86
	EndGlobalSection
	GlobalSection(ProjectConfigurationPlatforms) = postSolution
		{D54E22CB-F93B-4CF0-B9C9-2AC4CDEA9DE0}.Debug|Any CPU.ActiveCfg = Debug|x86
		{D54E22CB-F93B-4CF0-B9C9-2AC4CDEA9DE0}.Debug|ARM.ActiveCfg = Debug|ARM
		{D54E22CB-F93B-4CF0-B9C9-2AC4CDEA9DE0}.Debug|ARM.Build.0 = Debug|ARM
		{D54E22CB-F93B-4CF0-B9C9-2AC4CDEA9DE0}.Debug|ARM.Deploy.0 = Debug|ARM
		{D54E22CB-F93B-4CF0-B9C9-2AC4CDEA9DE0}.Debug|x64.ActiveCfg = Debug|x64
		{D54E22CB-F93B-4CF0-B9C9-2AC4CDEA9DE0}.Debug|x64.Build.0 = Debug|x64
		{D54E22CB-F93B-4CF0-B9C9-2AC4CDEA9DE0}.Debug|x64.Deploy.0 = Debug|x64
		{D54E22CB-F93B-4CF0-B9C9-2AC4CDEA9DE0}.Debug|x86.ActiveCfg = Debug|x86
		{D54E22CB-F93B-4CF0-B9C9-2AC4CDEA9DE0}.Debug|x86.Build.0 = Debug|x86
		{D54E22CB-F93B-4CF0-B9C9-2AC4CDEA9DE0}.Debug|x86.Deploy.0 = Debug|x86
		{D54E22CB-F93B-4CF0-B9C9-2AC4CDEA9DE0}.Release|Any CPU.ActiveCfg = Release|x86
		{D54E22CB-F93B-4CF0-B9C9-2AC4CDEA9DE0}.Release|ARM.ActiveCfg = Release|ARM
		{D54E22CB-F93B-4CF0-B9C9-2AC4CDEA9DE0}.Release|ARM.Build.0 = Release|ARM
		{D54E22CB-F93B-4CF0-B9C9-2AC4CDEA9DE0}.Release|ARM.Deploy.0 = Release|ARM
		{D54E22CB-F93B-4CF0-B9C9-2AC4CDEA9DE0}.Release|x64.ActiveCfg = Release|x64
		{D54E22CB-F93B-4CF0-B9C9-2AC4CDEA9DE0}.Release|x64.Build.0 = Release|x64
		{D54E22CB-F93B-4CF0-B9C9-2AC4CDEA9DE0}.Release|x64.Deploy.0 = Release|x64
		{D54E22CB-F93B-4CF0-B9C9-2AC4CDEA9DE0}.Release|x86.ActiveCfg = Release|x86
		{D54E22CB-F93B-4CF0-B9C9-2AC4CDEA9DE0}.Release|x86.Build.0 = Release|x86
		{D54E22CB-F93B-4CF0-B9C9-2AC4CDEA9DE0}.Release|x86.Deploy.0 = Release|x86
		{D3779F63-2D65-4B89-B6F2-19A4EA461D85}.Debug|Any CPU.ActiveCfg = Debug|Any CPU
		{D3779F63-2D65-4B89-B6F2-19A4EA461D85}.Debug|Any CPU.Build.0 = Debug|Any CPU
		{D3779F63-2D65-4B89-B6F2-19A4EA461D85}.Debug|ARM.ActiveCfg = Debug|ARM
		{D3779F63-2D65-4B89-B6F2-19A4EA461D85}.Debug|ARM.Build.0 = Debug|ARM
		{D3779F63-2D65-4B89-B6F2-19A4EA461D85}.Debug|x64.ActiveCfg = Debug|x64
		{D3779F63-2D65-4B89-B6F2-19A4EA461D85}.Debug|x64.Build.0 = Debug|x64
		{D3779F63-2D65-4B89-B6F2-19A4EA461D85}.Debug|x86.ActiveCfg = Debug|x86
		{D3779F63-2D65-4B89-B6F2-19A4EA461D85}.Debug|x86.Build.0 = Debug|x86
		{D3779F63-2D65-4B89-B6F2-19A4EA461D85}.Release|Any CPU.ActiveCfg = Release|Any CPU
		{D3779F63-2D65-4B89-B6F2-19A4EA461D85}.Release|Any CPU.Build.0 = Release|Any CPU
		{D3779F63-2D65-4B89-B6F2-19A4EA461D85}.Release|ARM.ActiveCfg = Release|ARM
		{D3779F63-2D65-4B89-B6F2-19A4EA461D85}.Release|ARM.Build.0 = Release|ARM
		{D3779F63-2D65-4B89-B6F2-19A4EA461D85}.Release|x64.ActiveCfg = Release|x64
		{D3779F63-2D65-4B89-B6F2-19A4EA461D85}.Release|x64.Build.0 = Release|x64
		{D3779F63-2D65-4B89-B6F2-19A4EA461D85}.Release|x86.ActiveCfg = Release|x86
		{D3779F63-2D65-4B89-B6F2-19A4EA461D85}.Release|x86.Build.0 = Release|x86
	EndGlobalSection
	GlobalSection(SolutionProperties) = preSolution
		HideSolutionNode = FALSE
	EndGlobalSection
EndGlobal
